
Microsoft Visual Studio Solution File, Format Version 12.00
# Visual Studio Version 16
VisualStudioVersion = 16.0.32901.82
MinimumVisualStudioVersion = 10.0.40219.1
Project("{FAE04EC0-301F-11D3-BF4B-00C04F79EFBC}") = "Number 100to200", "Number 100to200\Number 100to200.csproj", "{F133A7F4-563A-4D15-A5CC-387D1DA66111}"
EndProject
Global
	GlobalSection(SolutionConfigurationPlatforms) = preSolution
		Debug|Any CPU = Debug|Any CPU
		Release|Any CPU = Release|Any CPU
	EndGlobalSection
	GlobalSection(ProjectConfigurationPlatforms) = postSolution
		{F133A7F4-563A-4D15-A5CC-387D1DA66111}.Debug|Any CPU.ActiveCfg = Debug|Any CPU
		{F133A7F4-563A-4D15-A5CC-387D1DA66111}.Debug|Any CPU.Build.0 = Debug|Any CPU
		{F133A7F4-563A-4D15-A5CC-387D1DA66111}.Release|Any CPU.ActiveCfg = Release|Any CPU
		{F133A7F4-563A-4D15-A5CC-387D1DA66111}.Release|Any CPU.Build.0 = Release|Any CPU
	EndGlobalSection
	GlobalSection(SolutionProperties) = preSolution
		HideSolutionNode = FALSE
	EndGlobalSection
	GlobalSection(ExtensibilityGlobals) = postSolution
		SolutionGuid = {1C9E7E3B-367C-4E3E-A5C3-F2D20C768A24}
	EndGlobalSection
EndGlobal
