
Microsoft Visual Studio Solution File, Format Version 12.00
# Visual Studio Version 16
VisualStudioVersion = 16.0.32901.82
MinimumVisualStudioVersion = 10.0.40219.1
Project("{FAE04EC0-301F-11D3-BF4B-00C04F79EFBC}") = "Password Guess", "Password Guess\Password Guess.csproj", "{97D9FAE0-8639-4640-AE55-D68EC5314BE0}"
EndProject
Project("{FAE04EC0-301F-11D3-BF4B-00C04F79EFBC}") = "dahsda", "dahsda\dahsda.csproj", "{6261B8B9-BBE5-452E-BE3C-349EFFE63631}"
EndProject
Global
	GlobalSection(SolutionConfigurationPlatforms) = preSolution
		Debug|Any CPU = Debug|Any CPU
		Release|Any CPU = Release|Any CPU
	EndGlobalSection
	GlobalSection(ProjectConfigurationPlatforms) = postSolution
		{97D9FAE0-8639-4640-AE55-D68EC5314BE0}.Debug|Any CPU.ActiveCfg = Debug|Any CPU
		{97D9FAE0-8639-4640-AE55-D68EC5314BE0}.Debug|Any CPU.Build.0 = Debug|Any CPU
		{97D9FAE0-8639-4640-AE55-D68EC5314BE0}.Release|Any CPU.ActiveCfg = Release|Any CPU
		{97D9FAE0-8639-4640-AE55-D68EC5314BE0}.Release|Any CPU.Build.0 = Release|Any CPU
		{6261B8B9-BBE5-452E-BE3C-349EFFE63631}.Debug|Any CPU.ActiveCfg = Debug|Any CPU
		{6261B8B9-BBE5-452E-BE3C-349EFFE63631}.Debug|Any CPU.Build.0 = Debug|Any CPU
		{6261B8B9-BBE5-452E-BE3C-349EFFE63631}.Release|Any CPU.ActiveCfg = Release|Any CPU
		{6261B8B9-BBE5-452E-BE3C-349EFFE63631}.Release|Any CPU.Build.0 = Release|Any CPU
	EndGlobalSection
	GlobalSection(SolutionProperties) = preSolution
		HideSolutionNode = FALSE
	EndGlobalSection
	GlobalSection(ExtensibilityGlobals) = postSolution
		SolutionGuid = {6F95536F-B54B-4F8A-8AD7-F3C47CA6C4DE}
	EndGlobalSection
EndGlobal
