
Microsoft Visual Studio Solution File, Format Version 12.00
# Visual Studio Version 16
VisualStudioVersion = 16.0.32901.82
MinimumVisualStudioVersion = 10.0.40219.1
Project("{FAE04EC0-301F-11D3-BF4B-00C04F79EFBC}") = "Area of Figures", "Area of Figures\Area of Figures.csproj", "{04526707-6E9F-499D-A24E-CDE989266839}"
EndProject
Global
	GlobalSection(SolutionConfigurationPlatforms) = preSolution
		Debug|Any CPU = Debug|Any CPU
		Release|Any CPU = Release|Any CPU
	EndGlobalSection
	GlobalSection(ProjectConfigurationPlatforms) = postSolution
		{04526707-6E9F-499D-A24E-CDE989266839}.Debug|Any CPU.ActiveCfg = Debug|Any CPU
		{04526707-6E9F-499D-A24E-CDE989266839}.Debug|Any CPU.Build.0 = Debug|Any CPU
		{04526707-6E9F-499D-A24E-CDE989266839}.Release|Any CPU.ActiveCfg = Release|Any CPU
		{04526707-6E9F-499D-A24E-CDE989266839}.Release|Any CPU.Build.0 = Release|Any CPU
	EndGlobalSection
	GlobalSection(SolutionProperties) = preSolution
		HideSolutionNode = FALSE
	EndGlobalSection
	GlobalSection(ExtensibilityGlobals) = postSolution
		SolutionGuid = {21B025E4-A907-4B47-BE00-8BE230C53DD9}
	EndGlobalSection
EndGlobal
